
Microsoft Visual Studio Solution File, Format Version 12.00
# Visual Studio Version 17
VisualStudioVersion = 17.9.34728.123
MinimumVisualStudioVersion = 10.0.40219.1
Project("{9A19103F-16F7-4668-BE54-9A1E7A4F7556}") = "BookManagerApp", "BookManagerApp\BookManagerApp.csproj", "{3997584B-B18F-499A-BD5B-9FBF5FA7FEAE}"
EndProject
Global
	GlobalSection(SolutionConfigurationPlatforms) = preSolution
		Debug|Any CPU = Debug|Any CPU
		Release|Any CPU = Release|Any CPU
	EndGlobalSection
	GlobalSection(ProjectConfigurationPlatforms) = postSolution
		{3997584B-B18F-499A-BD5B-9FBF5FA7FEAE}.Debug|Any CPU.ActiveCfg = Debug|Any CPU
		{3997584B-B18F-499A-BD5B-9FBF5FA7FEAE}.Debug|Any CPU.Build.0 = Debug|Any CPU
		{3997584B-B18F-499A-BD5B-9FBF5FA7FEAE}.Release|Any CPU.ActiveCfg = Release|Any CPU
		{3997584B-B18F-499A-BD5B-9FBF5FA7FEAE}.Release|Any CPU.Build.0 = Release|Any CPU
	EndGlobalSection
	GlobalSection(SolutionProperties) = preSolution
		HideSolutionNode = FALSE
	EndGlobalSection
	GlobalSection(ExtensibilityGlobals) = postSolution
		SolutionGuid = {19262EBA-E9E3-419F-992E-A10345BE6E5E}
	EndGlobalSection
EndGlobal
